# generated by rye
# use `rye lock` or `rye sync` to update this lockfile
#
# last locked with the following flags:
#   pre: false
#   features: []
#   all-features: false
#   with-sources: false

-e file:.
annotated-types==0.6.0
    # via pydantic
anyio==4.3.0
    # via httpx
    # via openai
certifi==2024.2.2
    # via httpcore
    # via httpx
colorama==0.4.6
    # via tqdm
distro==1.9.0
    # via openai
h11==0.14.0
    # via httpcore
httpcore==1.0.5
    # via httpx
httpx==0.27.0
    # via openai
idna==3.7
    # via anyio
    # via httpx
msgspec==0.18.6
    # via axy-chat2
openai==1.30.1
    # via axy-chat2
pillow==10.3.0
    # via wxpython
pydantic==2.7.1
    # via openai
pydantic-core==2.18.2
    # via pydantic
six==1.16.0
    # via wxpython
sniffio==1.3.1
    # via anyio
    # via httpx
    # via openai
tqdm==4.66.4
    # via openai
typing-extensions==4.11.0
    # via openai
    # via pydantic
    # via pydantic-core
wxpython==4.2.1
    # via axy-chat2
